// !$*UTF8*$!
{
	archiveVersion = 1;
	classes = {
	};
	objectVersion = 56;
	objects = {

/* Begin PBXBuildFile section */
		A20E90792C034E6F002052A1 /* NewVaultView.swift in Sources */ = {isa = PBXBuildFile; fileRef = A20E90782C034E6F002052A1 /* NewVaultView.swift */; };
		A20E907D2C038978002052A1 /* EditVaultView.swift in Sources */ = {isa = PBXBuildFile; fileRef = A20E907C2C038978002052A1 /* EditVaultView.swift */; };
		A20E907F2C038A02002052A1 /* RatingsView.swift in Sources */ = {isa = PBXBuildFile; fileRef = A20E907E2C038A01002052A1 /* RatingsView.swift */; };
		A22DE0112C0345E900646A92 /* MyVaultApp.swift in Sources */ = {isa = PBXBuildFile; fileRef = A22DE0102C0345E900646A92 /* MyVaultApp.swift */; };
		A22DE0132C0345E900646A92 /* VaultListView.swift in Sources */ = {isa = PBXBuildFile; fileRef = A22DE0122C0345E900646A92 /* VaultListView.swift */; };
		A22DE0152C0345EA00646A92 /* Assets.xcassets in Resources */ = {isa = PBXBuildFile; fileRef = A22DE0142C0345EA00646A92 /* Assets.xcassets */; };
		A22DE0182C0345EA00646A92 /* Preview Assets.xcassets in Resources */ = {isa = PBXBuildFile; fileRef = A22DE0172C0345EA00646A92 /* Preview Assets.xcassets */; };
		A22DE0222C0345EA00646A92 /* MyVaultTests.swift in Sources */ = {isa = PBXBuildFile; fileRef = A22DE0212C0345EA00646A92 /* MyVaultTests.swift */; };
		A22DE02C2C0345EA00646A92 /* MyVaultUITests.swift in Sources */ = {isa = PBXBuildFile; fileRef = A22DE02B2C0345EA00646A92 /* MyVaultUITests.swift */; };
		A22DE02E2C0345EA00646A92 /* MyVaultUITestsLaunchTests.swift in Sources */ = {isa = PBXBuildFile; fileRef = A22DE02D2C0345EA00646A92 /* MyVaultUITestsLaunchTests.swift */; };
		A22DE03B2C03463900646A92 /* Vault.swift in Sources */ = {isa = PBXBuildFile; fileRef = A22DE03A2C03463900646A92 /* Vault.swift */; };
/* End PBXBuildFile section */

/* Begin PBXContainerItemProxy section */
		A22DE01E2C0345EA00646A92 /* PBXContainerItemProxy */ = {
			isa = PBXContainerItemProxy;
			containerPortal = A22DE0052C0345E900646A92 /* Project object */;
			proxyType = 1;
			remoteGlobalIDString = A22DE00C2C0345E900646A92;
			remoteInfo = MyVault;
		};
		A22DE0282C0345EA00646A92 /* PBXContainerItemProxy */ = {
			isa = PBXContainerItemProxy;
			containerPortal = A22DE0052C0345E900646A92 /* Project object */;
			proxyType = 1;
			remoteGlobalIDString = A22DE00C2C0345E900646A92;
			remoteInfo = MyVault;
		};
/* End PBXContainerItemProxy section */

/* Begin PBXFileReference section */
		A20E90782C034E6F002052A1 /* NewVaultView.swift */ = {isa = PBXFileReference; lastKnownFileType = sourcecode.swift; path = NewVaultView.swift; sourceTree = "<group>"; };
		A20E907C2C038978002052A1 /* EditVaultView.swift */ = {isa = PBXFileReference; lastKnownFileType = sourcecode.swift; path = EditVaultView.swift; sourceTree = "<group>"; };
		A20E907E2C038A01002052A1 /* RatingsView.swift */ = {isa = PBXFileReference; lastKnownFileType = sourcecode.swift; path = RatingsView.swift; sourceTree = "<group>"; };
		A22DE00D2C0345E900646A92 /* MyVault.app */ = {isa = PBXFileReference; explicitFileType = wrapper.application; includeInIndex = 0; path = MyVault.app; sourceTree = BUILT_PRODUCTS_DIR; };
		A22DE0102C0345E900646A92 /* MyVaultApp.swift */ = {isa = PBXFileReference; lastKnownFileType = sourcecode.swift; path = MyVaultApp.swift; sourceTree = "<group>"; };
		A22DE0122C0345E900646A92 /* VaultListView.swift */ = {isa = PBXFileReference; lastKnownFileType = sourcecode.swift; path = VaultListView.swift; sourceTree = "<group>"; };
		A22DE0142C0345EA00646A92 /* Assets.xcassets */ = {isa = PBXFileReference; lastKnownFileType = folder.assetcatalog; path = Assets.xcassets; sourceTree = "<group>"; };
		A22DE0172C0345EA00646A92 /* Preview Assets.xcassets */ = {isa = PBXFileReference; lastKnownFileType = folder.assetcatalog; path = "Preview Assets.xcassets"; sourceTree = "<group>"; };
		A22DE01D2C0345EA00646A92 /* MyVaultTests.xctest */ = {isa = PBXFileReference; explicitFileType = wrapper.cfbundle; includeInIndex = 0; path = MyVaultTests.xctest; sourceTree = BUILT_PRODUCTS_DIR; };
		A22DE0212C0345EA00646A92 /* MyVaultTests.swift */ = {isa = PBXFileReference; lastKnownFileType = sourcecode.swift; path = MyVaultTests.swift; sourceTree = "<group>"; };
		A22DE0272C0345EA00646A92 /* MyVaultUITests.xctest */ = {isa = PBXFileReference; explicitFileType = wrapper.cfbundle; includeInIndex = 0; path = MyVaultUITests.xctest; sourceTree = BUILT_PRODUCTS_DIR; };
		A22DE02B2C0345EA00646A92 /* MyVaultUITests.swift */ = {isa = PBXFileReference; lastKnownFileType = sourcecode.swift; path = MyVaultUITests.swift; sourceTree = "<group>"; };
		A22DE02D2C0345EA00646A92 /* MyVaultUITestsLaunchTests.swift */ = {isa = PBXFileReference; lastKnownFileType = sourcecode.swift; path = MyVaultUITestsLaunchTests.swift; sourceTree = "<group>"; };
		A22DE03A2C03463900646A92 /* Vault.swift */ = {isa = PBXFileReference; lastKnownFileType = sourcecode.swift; path = Vault.swift; sourceTree = "<group>"; };
/* End PBXFileReference section */

/* Begin PBXFrameworksBuildPhase section */
		A22DE00A2C0345E900646A92 /* Frameworks */ = {
			isa = PBXFrameworksBuildPhase;
			buildActionMask = 2147483647;
			files = (
			);
			runOnlyForDeploymentPostprocessing = 0;
		};
		A22DE01A2C0345EA00646A92 /* Frameworks */ = {
			isa = PBXFrameworksBuildPhase;
			buildActionMask = 2147483647;
			files = (
			);
			runOnlyForDeploymentPostprocessing = 0;
		};
		A22DE0242C0345EA00646A92 /* Frameworks */ = {
			isa = PBXFrameworksBuildPhase;
			buildActionMask = 2147483647;
			files = (
			);
			runOnlyForDeploymentPostprocessing = 0;
		};
/* End PBXFrameworksBuildPhase section */

/* Begin PBXGroup section */
		A22DE0042C0345E900646A92 = {
			isa = PBXGroup;
			children = (
				A22DE00F2C0345E900646A92 /* MyVault */,
				A22DE0202C0345EA00646A92 /* MyVaultTests */,
				A22DE02A2C0345EA00646A92 /* MyVaultUITests */,
				A22DE00E2C0345E900646A92 /* Products */,
			);
			sourceTree = "<group>";
		};
		A22DE00E2C0345E900646A92 /* Products */ = {
			isa = PBXGroup;
			children = (
				A22DE00D2C0345E900646A92 /* MyVault.app */,
				A22DE01D2C0345EA00646A92 /* MyVaultTests.xctest */,
				A22DE0272C0345EA00646A92 /* MyVaultUITests.xctest */,
			);
			name = Products;
			sourceTree = "<group>";
		};
		A22DE00F2C0345E900646A92 /* MyVault */ = {
			isa = PBXGroup;
			children = (
				A22DE0102C0345E900646A92 /* MyVaultApp.swift */,
				A22DE0122C0345E900646A92 /* VaultListView.swift */,
				A20E907C2C038978002052A1 /* EditVaultView.swift */,
				A20E907E2C038A01002052A1 /* RatingsView.swift */,
				A20E90782C034E6F002052A1 /* NewVaultView.swift */,
				A22DE03A2C03463900646A92 /* Vault.swift */,
				A22DE0142C0345EA00646A92 /* Assets.xcassets */,
				A22DE0162C0345EA00646A92 /* Preview Content */,
			);
			path = MyVault;
			sourceTree = "<group>";
		};
		A22DE0162C0345EA00646A92 /* Preview Content */ = {
			isa = PBXGroup;
			children = (
				A22DE0172C0345EA00646A92 /* Preview Assets.xcassets */,
			);
			path = "Preview Content";
			sourceTree = "<group>";
		};
		A22DE0202C0345EA00646A92 /* MyVaultTests */ = {
			isa = PBXGroup;
			children = (
				A22DE0212C0345EA00646A92 /* MyVaultTests.swift */,
			);
			path = MyVaultTests;
			sourceTree = "<group>";
		};
		A22DE02A2C0345EA00646A92 /* MyVaultUITests */ = {
			isa = PBXGroup;
			children = (
				A22DE02B2C0345EA00646A92 /* MyVaultUITests.swift */,
				A22DE02D2C0345EA00646A92 /* MyVaultUITestsLaunchTests.swift */,
			);
			path = MyVaultUITests;
			sourceTree = "<group>";
		};
/* End PBXGroup section */

/* Begin PBXNativeTarget section */
		A22DE00C2C0345E900646A92 /* MyVault */ = {
			isa = PBXNativeTarget;
			buildConfigurationList = A22DE0312C0345EA00646A92 /* Build configuration list for PBXNativeTarget "MyVault" */;
			buildPhases = (
				A22DE0092C0345E900646A92 /* Sources */,
				A22DE00A2C0345E900646A92 /* Frameworks */,
				A22DE00B2C0345E900646A92 /* Resources */,
			);
			buildRules = (
			);
			dependencies = (
			);
			name = MyVault;
			productName = MyVault;
			productReference = A22DE00D2C0345E900646A92 /* MyVault.app */;
			productType = "com.apple.product-type.application";
		};
		A22DE01C2C0345EA00646A92 /* MyVaultTests */ = {
			isa = PBXNativeTarget;
			buildConfigurationList = A22DE0342C0345EA00646A92 /* Build configuration list for PBXNativeTarget "MyVaultTests" */;
			buildPhases = (
				A22DE0192C0345EA00646A92 /* Sources */,
				A22DE01A2C0345EA00646A92 /* Frameworks */,
				A22DE01B2C0345EA00646A92 /* Resources */,
			);
			buildRules = (
			);
			dependencies = (
				A22DE01F2C0345EA00646A92 /* PBXTargetDependency */,
			);
			name = MyVaultTests;
			productName = MyVaultTests;
			productReference = A22DE01D2C0345EA00646A92 /* MyVaultTests.xctest */;
			productType = "com.apple.product-type.bundle.unit-test";
		};
		A22DE0262C0345EA00646A92 /* MyVaultUITests */ = {
			isa = PBXNativeTarget;
			buildConfigurationList = A22DE0372C0345EA00646A92 /* Build configuration list for PBXNativeTarget "MyVaultUITests" */;
			buildPhases = (
				A22DE0232C0345EA00646A92 /* Sources */,
				A22DE0242C0345EA00646A92 /* Frameworks */,
				A22DE0252C0345EA00646A92 /* Resources */,
			);
			buildRules = (
			);
			dependencies = (
				A22DE0292C0345EA00646A92 /* PBXTargetDependency */,
			);
			name = MyVaultUITests;
			productName = MyVaultUITests;
			productReference = A22DE0272C0345EA00646A92 /* MyVaultUITests.xctest */;
			productType = "com.apple.product-type.bundle.ui-testing";
		};
/* End PBXNativeTarget section */

/* Begin PBXProject section */
		A22DE0052C0345E900646A92 /* Project object */ = {
			isa = PBXProject;
			attributes = {
				BuildIndependentTargetsInParallel = 1;
				LastSwiftUpdateCheck = 1530;
				LastUpgradeCheck = 1530;
				TargetAttributes = {
					A22DE00C2C0345E900646A92 = {
						CreatedOnToolsVersion = 15.3;
					};
					A22DE01C2C0345EA00646A92 = {
						CreatedOnToolsVersion = 15.3;
						TestTargetID = A22DE00C2C0345E900646A92;
					};
					A22DE0262C0345EA00646A92 = {
						CreatedOnToolsVersion = 15.3;
						TestTargetID = A22DE00C2C0345E900646A92;
					};
				};
			};
			buildConfigurationList = A22DE0082C0345E900646A92 /* Build configuration list for PBXProject "MyVault" */;
			compatibilityVersion = "Xcode 14.0";
			developmentRegion = en;
			hasScannedForEncodings = 0;
			knownRegions = (
				en,
				Base,
			);
			mainGroup = A22DE0042C0345E900646A92;
			productRefGroup = A22DE00E2C0345E900646A92 /* Products */;
			projectDirPath = "";
			projectRoot = "";
			targets = (
				A22DE00C2C0345E900646A92 /* MyVault */,
				A22DE01C2C0345EA00646A92 /* MyVaultTests */,
				A22DE0262C0345EA00646A92 /* MyVaultUITests */,
			);
		};
/* End PBXProject section */

/* Begin PBXResourcesBuildPhase section */
		A22DE00B2C0345E900646A92 /* Resources */ = {
			isa = PBXResourcesBuildPhase;
			buildActionMask = 2147483647;
			files = (
				A22DE0182C0345EA00646A92 /* Preview Assets.xcassets in Resources */,
				A22DE0152C0345EA00646A92 /* Assets.xcassets in Resources */,
			);
			runOnlyForDeploymentPostprocessing = 0;
		};
		A22DE01B2C0345EA00646A92 /* Resources */ = {
			isa = PBXResourcesBuildPhase;
			buildActionMask = 2147483647;
			files = (
			);
			runOnlyForDeploymentPostprocessing = 0;
		};
		A22DE0252C0345EA00646A92 /* Resources */ = {
			isa = PBXResourcesBuildPhase;
			buildActionMask = 2147483647;
			files = (
			);
			runOnlyForDeploymentPostprocessing = 0;
		};
/* End PBXResourcesBuildPhase section */

/* Begin PBXSourcesBuildPhase section */
		A22DE0092C0345E900646A92 /* Sources */ = {
			isa = PBXSourcesBuildPhase;
			buildActionMask = 2147483647;
			files = (
				A22DE03B2C03463900646A92 /* Vault.swift in Sources */,
				A20E907F2C038A02002052A1 /* RatingsView.swift in Sources */,
				A22DE0132C0345E900646A92 /* VaultListView.swift in Sources */,
				A20E90792C034E6F002052A1 /* NewVaultView.swift in Sources */,
				A20E907D2C038978002052A1 /* EditVaultView.swift in Sources */,
				A22DE0112C0345E900646A92 /* MyVaultApp.swift in Sources */,
			);
			runOnlyForDeploymentPostprocessing = 0;
		};
		A22DE0192C0345EA00646A92 /* Sources */ = {
			isa = PBXSourcesBuildPhase;
			buildActionMask = 2147483647;
			files = (
				A22DE0222C0345EA00646A92 /* MyVaultTests.swift in Sources */,
			);
			runOnlyForDeploymentPostprocessing = 0;
		};
		A22DE0232C0345EA00646A92 /* Sources */ = {
			isa = PBXSourcesBuildPhase;
			buildActionMask = 2147483647;
			files = (
				A22DE02C2C0345EA00646A92 /* MyVaultUITests.swift in Sources */,
				A22DE02E2C0345EA00646A92 /* MyVaultUITestsLaunchTests.swift in Sources */,
			);
			runOnlyForDeploymentPostprocessing = 0;
		};
/* End PBXSourcesBuildPhase section */

/* Begin PBXTargetDependency section */
		A22DE01F2C0345EA00646A92 /* PBXTargetDependency */ = {
			isa = PBXTargetDependency;
			target = A22DE00C2C0345E900646A92 /* MyVault */;
			targetProxy = A22DE01E2C0345EA00646A92 /* PBXContainerItemProxy */;
		};
		A22DE0292C0345EA00646A92 /* PBXTargetDependency */ = {
			isa = PBXTargetDependency;
			target = A22DE00C2C0345E900646A92 /* MyVault */;
			targetProxy = A22DE0282C0345EA00646A92 /* PBXContainerItemProxy */;
		};
/* End PBXTargetDependency section */

/* Begin XCBuildConfiguration section */
		A22DE02F2C0345EA00646A92 /* Debug */ = {
			isa = XCBuildConfiguration;
			buildSettings = {
				ALWAYS_SEARCH_USER_PATHS = NO;
				ASSETCATALOG_COMPILER_GENERATE_SWIFT_ASSET_SYMBOL_EXTENSIONS = YES;
				CLANG_ANALYZER_NONNULL = YES;
				CLANG_ANALYZER_NUMBER_OBJECT_CONVERSION = YES_AGGRESSIVE;
				CLANG_CXX_LANGUAGE_STANDARD = "gnu++20";
				CLANG_ENABLE_MODULES = YES;
				CLANG_ENABLE_OBJC_ARC = YES;
				CLANG_ENABLE_OBJC_WEAK = YES;
				CLANG_WARN_BLOCK_CAPTURE_AUTORELEASING = YES;
				CLANG_WARN_BOOL_CONVERSION = YES;
				CLANG_WARN_COMMA = YES;
				CLANG_WARN_CONSTANT_CONVERSION = YES;
				CLANG_WARN_DEPRECATED_OBJC_IMPLEMENTATIONS = YES;
				CLANG_WARN_DIRECT_OBJC_ISA_USAGE = YES_ERROR;
				CLANG_WARN_DOCUMENTATION_COMMENTS = YES;
				CLANG_WARN_EMPTY_BODY = YES;
				CLANG_WARN_ENUM_CONVERSION = YES;
				CLANG_WARN_INFINITE_RECURSION = YES;
				CLANG_WARN_INT_CONVERSION = YES;
				CLANG_WARN_NON_LITERAL_NULL_CONVERSION = YES;
				CLANG_WARN_OBJC_IMPLICIT_RETAIN_SELF = YES;
				CLANG_WARN_OBJC_LITERAL_CONVERSION = YES;
				CLANG_WARN_OBJC_ROOT_CLASS = YES_ERROR;
				CLANG_WARN_QUOTED_INCLUDE_IN_FRAMEWORK_HEADER = YES;
				CLANG_WARN_RANGE_LOOP_ANALYSIS = YES;
				CLANG_WARN_STRICT_PROTOTYPES = YES;
				CLANG_WARN_SUSPICIOUS_MOVE = YES;
				CLANG_WARN_UNGUARDED_AVAILABILITY = YES_AGGRESSIVE;
				CLANG_WARN_UNREACHABLE_CODE = YES;
				CLANG_WARN__DUPLICATE_METHOD_MATCH = YES;
				COPY_PHASE_STRIP = NO;
				DEBUG_INFORMATION_FORMAT = dwarf;
				ENABLE_STRICT_OBJC_MSGSEND = YES;
				ENABLE_TESTABILITY = YES;
				ENABLE_USER_SCRIPT_SANDBOXING = YES;
				GCC_C_LANGUAGE_STANDARD = gnu17;
				GCC_DYNAMIC_NO_PIC = NO;
				GCC_NO_COMMON_BLOCKS = YES;
				GCC_OPTIMIZATION_LEVEL = 0;
				GCC_PREPROCESSOR_DEFINITIONS = (
					"DEBUG=1",
					"$(inherited)",
				);
				GCC_WARN_64_TO_32_BIT_CONVERSION = YES;
				GCC_WARN_ABOUT_RETURN_TYPE = YES_ERROR;
				GCC_WARN_UNDECLARED_SELECTOR = YES;
				GCC_WARN_UNINITIALIZED_AUTOS = YES_AGGRESSIVE;
				GCC_WARN_UNUSED_FUNCTION = YES;
				GCC_WARN_UNUSED_VARIABLE = YES;
				IPHONEOS_DEPLOYMENT_TARGET = 17.4;
				LOCALIZATION_PREFERS_STRING_CATALOGS = YES;
				MTL_ENABLE_DEBUG_INFO = INCLUDE_SOURCE;
				MTL_FAST_MATH = YES;
				ONLY_ACTIVE_ARCH = YES;
				SDKROOT = iphoneos;
				SWIFT_ACTIVE_COMPILATION_CONDITIONS = "DEBUG $(inherited)";
				SWIFT_OPTIMIZATION_LEVEL = "-Onone";
			};
			name = Debug;
		};
		A22DE0302C0345EA00646A92 /* Release */ = {
			isa = XCBuildConfiguration;
			buildSettings = {
				ALWAYS_SEARCH_USER_PATHS = NO;
				ASSETCATALOG_COMPILER_GENERATE_SWIFT_ASSET_SYMBOL_EXTENSIONS = YES;
				CLANG_ANALYZER_NONNULL = YES;
				CLANG_ANALYZER_NUMBER_OBJECT_CONVERSION = YES_AGGRESSIVE;
				CLANG_CXX_LANGUAGE_STANDARD = "gnu++20";
				CLANG_ENABLE_MODULES = YES;
				CLANG_ENABLE_OBJC_ARC = YES;
				CLANG_ENABLE_OBJC_WEAK = YES;
				CLANG_WARN_BLOCK_CAPTURE_AUTORELEASING = YES;
				CLANG_WARN_BOOL_CONVERSION = YES;
				CLANG_WARN_COMMA = YES;
				CLANG_WARN_CONSTANT_CONVERSION = YES;
				CLANG_WARN_DEPRECATED_OBJC_IMPLEMENTATIONS = YES;
				CLANG_WARN_DIRECT_OBJC_ISA_USAGE = YES_ERROR;
				CLANG_WARN_DOCUMENTATION_COMMENTS = YES;
				CLANG_WARN_EMPTY_BODY = YES;
				CLANG_WARN_ENUM_CONVERSION = YES;
				CLANG_WARN_INFINITE_RECURSION = YES;
				CLANG_WARN_INT_CONVERSION = YES;
				CLANG_WARN_NON_LITERAL_NULL_CONVERSION = YES;
				CLANG_WARN_OBJC_IMPLICIT_RETAIN_SELF = YES;
				CLANG_WARN_OBJC_LITERAL_CONVERSION = YES;
				CLANG_WARN_OBJC_ROOT_CLASS = YES_ERROR;
				CLANG_WARN_QUOTED_INCLUDE_IN_FRAMEWORK_HEADER = YES;
				CLANG_WARN_RANGE_LOOP_ANALYSIS = YES;
				CLANG_WARN_STRICT_PROTOTYPES = YES;
				CLANG_WARN_SUSPICIOUS_MOVE = YES;
				CLANG_WARN_UNGUARDED_AVAILABILITY = YES_AGGRESSIVE;
				CLANG_WARN_UNREACHABLE_CODE = YES;
				CLANG_WARN__DUPLICATE_METHOD_MATCH = YES;
				COPY_PHASE_STRIP = NO;
				DEBUG_INFORMATION_FORMAT = "dwarf-with-dsym";
				ENABLE_NS_ASSERTIONS = NO;
				ENABLE_STRICT_OBJC_MSGSEND = YES;
				ENABLE_USER_SCRIPT_SANDBOXING = YES;
				GCC_C_LANGUAGE_STANDARD = gnu17;
				GCC_NO_COMMON_BLOCKS = YES;
				GCC_WARN_64_TO_32_BIT_CONVERSION = YES;
				GCC_WARN_ABOUT_RETURN_TYPE = YES_ERROR;
				GCC_WARN_UNDECLARED_SELECTOR = YES;
				GCC_WARN_UNINITIALIZED_AUTOS = YES_AGGRESSIVE;
				GCC_WARN_UNUSED_FUNCTION = YES;
				GCC_WARN_UNUSED_VARIABLE = YES;
				IPHONEOS_DEPLOYMENT_TARGET = 17.4;
				LOCALIZATION_PREFERS_STRING_CATALOGS = YES;
				MTL_ENABLE_DEBUG_INFO = NO;
				MTL_FAST_MATH = YES;
				SDKROOT = iphoneos;
				SWIFT_COMPILATION_MODE = wholemodule;
				VALIDATE_PRODUCT = YES;
			};
			name = Release;
		};
		A22DE0322C0345EA00646A92 /* Debug */ = {
			isa = XCBuildConfiguration;
			buildSettings = {
				ASSETCATALOG_COMPILER_APPICON_NAME = AppIcon;
				ASSETCATALOG_COMPILER_GLOBAL_ACCENT_COLOR_NAME = AccentColor;
				CODE_SIGN_STYLE = Automatic;
				CURRENT_PROJECT_VERSION = 1;
				DEVELOPMENT_ASSET_PATHS = "\"MyVault/Preview Content\"";
				DEVELOPMENT_TEAM = 2Q448G8AH2;
				ENABLE_PREVIEWS = YES;
				GENERATE_INFOPLIST_FILE = YES;
				INFOPLIST_KEY_UIApplicationSceneManifest_Generation = YES;
				INFOPLIST_KEY_UIApplicationSupportsIndirectInputEvents = YES;
				INFOPLIST_KEY_UILaunchScreen_Generation = YES;
				INFOPLIST_KEY_UISupportedInterfaceOrientations_iPad = "UIInterfaceOrientationPortrait UIInterfaceOrientationPortraitUpsideDown UIInterfaceOrientationLandscapeLeft UIInterfaceOrientationLandscapeRight";
				INFOPLIST_KEY_UISupportedInterfaceOrientations_iPhone = "UIInterfaceOrientationPortrait UIInterfaceOrientationLandscapeLeft UIInterfaceOrientationLandscapeRight";
				LD_RUNPATH_SEARCH_PATHS = (
					"$(inherited)",
					"@executable_path/Frameworks",
				);
				MARKETING_VERSION = 1.0;
				PRODUCT_BUNDLE_IDENTIFIER = com.andreporto.MyVault;
				PRODUCT_NAME = "$(TARGET_NAME)";
				SWIFT_EMIT_LOC_STRINGS = YES;
				SWIFT_VERSION = 5.0;
				TARGETED_DEVICE_FAMILY = "1,2";
			};
			name = Debug;
		};
		A22DE0332C0345EA00646A92 /* Release */ = {
			isa = XCBuildConfiguration;
			buildSettings = {
				ASSETCATALOG_COMPILER_APPICON_NAME = AppIcon;
				ASSETCATALOG_COMPILER_GLOBAL_ACCENT_COLOR_NAME = AccentColor;
				CODE_SIGN_STYLE = Automatic;
				CURRENT_PROJECT_VERSION = 1;
				DEVELOPMENT_ASSET_PATHS = "\"MyVault/Preview Content\"";
				DEVELOPMENT_TEAM = 2Q448G8AH2;
				ENABLE_PREVIEWS = YES;
				GENERATE_INFOPLIST_FILE = YES;
				INFOPLIST_KEY_UIApplicationSceneManifest_Generation = YES;
				INFOPLIST_KEY_UIApplicationSupportsIndirectInputEvents = YES;
				INFOPLIST_KEY_UILaunchScreen_Generation = YES;
				INFOPLIST_KEY_UISupportedInterfaceOrientations_iPad = "UIInterfaceOrientationPortrait UIInterfaceOrientationPortraitUpsideDown UIInterfaceOrientationLandscapeLeft UIInterfaceOrientationLandscapeRight";
				INFOPLIST_KEY_UISupportedInterfaceOrientations_iPhone = "UIInterfaceOrientationPortrait UIInterfaceOrientationLandscapeLeft UIInterfaceOrientationLandscapeRight";
				LD_RUNPATH_SEARCH_PATHS = (
					"$(inherited)",
					"@executable_path/Frameworks",
				);
				MARKETING_VERSION = 1.0;
				PRODUCT_BUNDLE_IDENTIFIER = com.andreporto.MyVault;
				PRODUCT_NAME = "$(TARGET_NAME)";
				SWIFT_EMIT_LOC_STRINGS = YES;
				SWIFT_VERSION = 5.0;
				TARGETED_DEVICE_FAMILY = "1,2";
			};
			name = Release;
		};
		A22DE0352C0345EA00646A92 /* Debug */ = {
			isa = XCBuildConfiguration;
			buildSettings = {
				ALWAYS_EMBED_SWIFT_STANDARD_LIBRARIES = YES;
				BUNDLE_LOADER = "$(TEST_HOST)";
				CODE_SIGN_STYLE = Automatic;
				CURRENT_PROJECT_VERSION = 1;
				DEVELOPMENT_TEAM = 2Q448G8AH2;
				GENERATE_INFOPLIST_FILE = YES;
				IPHONEOS_DEPLOYMENT_TARGET = 17.4;
				MARKETING_VERSION = 1.0;
				PRODUCT_BUNDLE_IDENTIFIER = com.andreporto.MyVaultTests;
				PRODUCT_NAME = "$(TARGET_NAME)";
				SWIFT_EMIT_LOC_STRINGS = NO;
				SWIFT_VERSION = 5.0;
				TARGETED_DEVICE_FAMILY = "1,2";
				TEST_HOST = "$(BUILT_PRODUCTS_DIR)/MyVault.app/$(BUNDLE_EXECUTABLE_FOLDER_PATH)/MyVault";
			};
			name = Debug;
		};
		A22DE0362C0345EA00646A92 /* Release */ = {
			isa = XCBuildConfiguration;
			buildSettings = {
				ALWAYS_EMBED_SWIFT_STANDARD_LIBRARIES = YES;
				BUNDLE_LOADER = "$(TEST_HOST)";
				CODE_SIGN_STYLE = Automatic;
				CURRENT_PROJECT_VERSION = 1;
				DEVELOPMENT_TEAM = 2Q448G8AH2;
				GENERATE_INFOPLIST_FILE = YES;
				IPHONEOS_DEPLOYMENT_TARGET = 17.4;
				MARKETING_VERSION = 1.0;
				PRODUCT_BUNDLE_IDENTIFIER = com.andreporto.MyVaultTests;
				PRODUCT_NAME = "$(TARGET_NAME)";
				SWIFT_EMIT_LOC_STRINGS = NO;
				SWIFT_VERSION = 5.0;
				TARGETED_DEVICE_FAMILY = "1,2";
				TEST_HOST = "$(BUILT_PRODUCTS_DIR)/MyVault.app/$(BUNDLE_EXECUTABLE_FOLDER_PATH)/MyVault";
			};
			name = Release;
		};
		A22DE0382C0345EA00646A92 /* Debug */ = {
			isa = XCBuildConfiguration;
			buildSettings = {
				ALWAYS_EMBED_SWIFT_STANDARD_LIBRARIES = YES;
				CODE_SIGN_STYLE = Automatic;
				CURRENT_PROJECT_VERSION = 1;
				DEVELOPMENT_TEAM = 2Q448G8AH2;
				GENERATE_INFOPLIST_FILE = YES;
				MARKETING_VERSION = 1.0;
				PRODUCT_BUNDLE_IDENTIFIER = com.andreporto.MyVaultUITests;
				PRODUCT_NAME = "$(TARGET_NAME)";
				SWIFT_EMIT_LOC_STRINGS = NO;
				SWIFT_VERSION = 5.0;
				TARGETED_DEVICE_FAMILY = "1,2";
				TEST_TARGET_NAME = MyVault;
			};
			name = Debug;
		};
		A22DE0392C0345EA00646A92 /* Release */ = {
			isa = XCBuildConfiguration;
			buildSettings = {
				ALWAYS_EMBED_SWIFT_STANDARD_LIBRARIES = YES;
				CODE_SIGN_STYLE = Automatic;
				CURRENT_PROJECT_VERSION = 1;
				DEVELOPMENT_TEAM = 2Q448G8AH2;
				GENERATE_INFOPLIST_FILE = YES;
				MARKETING_VERSION = 1.0;
				PRODUCT_BUNDLE_IDENTIFIER = com.andreporto.MyVaultUITests;
				PRODUCT_NAME = "$(TARGET_NAME)";
				SWIFT_EMIT_LOC_STRINGS = NO;
				SWIFT_VERSION = 5.0;
				TARGETED_DEVICE_FAMILY = "1,2";
				TEST_TARGET_NAME = MyVault;
			};
			name = Release;
		};
/* End XCBuildConfiguration section */

/* Begin XCConfigurationList section */
		A22DE0082C0345E900646A92 /* Build configuration list for PBXProject "MyVault" */ = {
			isa = XCConfigurationList;
			buildConfigurations = (
				A22DE02F2C0345EA00646A92 /* Debug */,
				A22DE0302C0345EA00646A92 /* Release */,
			);
			defaultConfigurationIsVisible = 0;
			defaultConfigurationName = Release;
		};
		A22DE0312C0345EA00646A92 /* Build configuration list for PBXNativeTarget "MyVault" */ = {
			isa = XCConfigurationList;
			buildConfigurations = (
				A22DE0322C0345EA00646A92 /* Debug */,
				A22DE0332C0345EA00646A92 /* Release */,
			);
			defaultConfigurationIsVisible = 0;
			defaultConfigurationName = Release;
		};
		A22DE0342C0345EA00646A92 /* Build configuration list for PBXNativeTarget "MyVaultTests" */ = {
			isa = XCConfigurationList;
			buildConfigurations = (
				A22DE0352C0345EA00646A92 /* Debug */,
				A22DE0362C0345EA00646A92 /* Release */,
			);
			defaultConfigurationIsVisible = 0;
			defaultConfigurationName = Release;
		};
		A22DE0372C0345EA00646A92 /* Build configuration list for PBXNativeTarget "MyVaultUITests" */ = {
			isa = XCConfigurationList;
			buildConfigurations = (
				A22DE0382C0345EA00646A92 /* Debug */,
				A22DE0392C0345EA00646A92 /* Release */,
			);
			defaultConfigurationIsVisible = 0;
			defaultConfigurationName = Release;
		};
/* End XCConfigurationList section */
	};
	rootObject = A22DE0052C0345E900646A92 /* Project object */;
}
